
Microsoft Visual Studio Solution File, Format Version 12.00
Project("{FAE04EC0-301F-11D3-BF4B-00C04F79EFBC}") = "Spring2026-Project2-sostamps", "Spring2026-Project2-sostamps\Spring2026-Project2-sostamps.csproj", "{6C0BC839-3F7D-49DA-8816-73C3E030943C}"
EndProject
Global
	GlobalSection(SolutionConfigurationPlatforms) = preSolution
		Debug|Any CPU = Debug|Any CPU
		Release|Any CPU = Release|Any CPU
	EndGlobalSection
	GlobalSection(ProjectConfigurationPlatforms) = postSolution
		{6C0BC839-3F7D-49DA-8816-73C3E030943C}.Debug|Any CPU.ActiveCfg = Debug|Any CPU
		{6C0BC839-3F7D-49DA-8816-73C3E030943C}.Debug|Any CPU.Build.0 = Debug|Any CPU
		{6C0BC839-3F7D-49DA-8816-73C3E030943C}.Release|Any CPU.ActiveCfg = Release|Any CPU
		{6C0BC839-3F7D-49DA-8816-73C3E030943C}.Release|Any CPU.Build.0 = Release|Any CPU
	EndGlobalSection
EndGlobal
